{
  "version": 1,
  "dependencies": {
    "net10.0": {
      "Microsoft.AspNetCore.App.Internal.Assets": {
        "type": "Direct",
        "requested": "[10.0.12, )",
        "resolved": "10.0.12",
        "contentHash": "+sIBo9AMBZH46qHWHQdfzcGMt+RuBaPYrUMOAM9VjA7MQ9QtIez3lq1C3E05+Yroa94KKt3DSWaxmCI4H28a9Q=="
      },
      "MudBlazor": {
        "type": "Direct",
        "requested": "[9.10.0, 9.10.0]",
        "resolved": "9.10.0",
        "contentHash": "1TzwlootgzINmTBJn03YAF8GStLz73oLQff383MSDIQexjhPnlryatsynYSvnQ9TJmUfAJo0wsnufyGY76oXOw=="
      }
    }
  }
}